
Microsoft Visual Studio Solution File, Format Version 12.00
# Visual Studio Version 16
VisualStudioVersion = 16.0.30621.155
MinimumVisualStudioVersion = 10.0.40219.1
Project("{8BC9CEB8-8B4A-11D0-8D11-00A0C91BC942}") = "SFML_demo", "SFML_demo\SFML_demo.vcxproj", "{D53AB580-46E4-4FA6-B4D7-E045A0373DE7}"
EndProject
Global
	GlobalSection(SolutionConfigurationPlatforms) = preSolution
		Debug|x64 = Debug|x64
		Debug|x86 = Debug|x86
		Release|x64 = Release|x64
		Release|x86 = Release|x86
	EndGlobalSection
	GlobalSection(ProjectConfigurationPlatforms) = postSolution
		{D53AB580-46E4-4FA6-B4D7-E045A0373DE7}.Debug|x64.ActiveCfg = Debug|x64
		{D53AB580-46E4-4FA6-B4D7-E045A0373DE7}.Debug|x64.Build.0 = Debug|x64
		{D53AB580-46E4-4FA6-B4D7-E045A0373DE7}.Debug|x86.ActiveCfg = Debug|Win32
		{D53AB580-46E4-4FA6-B4D7-E045A0373DE7}.Debug|x86.Build.0 = Debug|Win32
		{D53AB580-46E4-4FA6-B4D7-E045A0373DE7}.Release|x64.ActiveCfg = Release|x64
		{D53AB580-46E4-4FA6-B4D7-E045A0373DE7}.Release|x64.Build.0 = Release|x64
		{D53AB580-46E4-4FA6-B4D7-E045A0373DE7}.Release|x86.ActiveCfg = Release|Win32
		{D53AB580-46E4-4FA6-B4D7-E045A0373DE7}.Release|x86.Build.0 = Release|Win32
	EndGlobalSection
	GlobalSection(SolutionProperties) = preSolution
		HideSolutionNode = FALSE
	EndGlobalSection
	GlobalSection(ExtensibilityGlobals) = postSolution
		SolutionGuid = {94A519E6-AE42-4ECB-85FE-3C08065CB3E9}
	EndGlobalSection
EndGlobal
